
Microsoft Visual Studio Solution File, Format Version 12.00
# Visual Studio Version 17
VisualStudioVersion = 17.11.35222.181
MinimumVisualStudioVersion = 10.0.40219.1
Project("{9A19103F-16F7-4668-BE54-9A1E7A4F7556}") = "Scanner", "Scanner\Scanner\Scanner.csproj", "{2B983268-041C-4E00-AA06-10706A4224F8}"
EndProject
Project("{9A19103F-16F7-4668-BE54-9A1E7A4F7556}") = "Scanner.Client", "Scanner\Scanner.Client\Scanner.Client.csproj", "{D405CEB3-F2B3-47AA-8F29-D724481FD475}"
EndProject
Global
	GlobalSection(SolutionConfigurationPlatforms) = preSolution
		Debug|Any CPU = Debug|Any CPU
		Release|Any CPU = Release|Any CPU
	EndGlobalSection
	GlobalSection(ProjectConfigurationPlatforms) = postSolution
		{2B983268-041C-4E00-AA06-10706A4224F8}.Debug|Any CPU.ActiveCfg = Debug|Any CPU
		{2B983268-041C-4E00-AA06-10706A4224F8}.Debug|Any CPU.Build.0 = Debug|Any CPU
		{2B983268-041C-4E00-AA06-10706A4224F8}.Release|Any CPU.ActiveCfg = Release|Any CPU
		{2B983268-041C-4E00-AA06-10706A4224F8}.Release|Any CPU.Build.0 = Release|Any CPU
		{D405CEB3-F2B3-47AA-8F29-D724481FD475}.Debug|Any CPU.ActiveCfg = Debug|Any CPU
		{D405CEB3-F2B3-47AA-8F29-D724481FD475}.Debug|Any CPU.Build.0 = Debug|Any CPU
		{D405CEB3-F2B3-47AA-8F29-D724481FD475}.Release|Any CPU.ActiveCfg = Release|Any CPU
		{D405CEB3-F2B3-47AA-8F29-D724481FD475}.Release|Any CPU.Build.0 = Release|Any CPU
	EndGlobalSection
	GlobalSection(SolutionProperties) = preSolution
		HideSolutionNode = FALSE
	EndGlobalSection
	GlobalSection(ExtensibilityGlobals) = postSolution
		SolutionGuid = {F6C8CB91-CD81-4E4F-86DA-39F9C5DC22D0}
	EndGlobalSection
EndGlobal
